# novo.lock — auto-generated by novo pkg, do not edit

[crc-nv]
source = "registry"
url = "https://registry.novo-lang.org"
req = "^0.1"
version = "0.1.4"
hash = "6fe2273f15e1fafc45e2156d7a4e23e03e45ba48e6db90bdb0ff79c6296f76eb"

[crypto-nv]
source = "registry"
url = "https://registry.novo-lang.org"
req = "^0.1"
version = "0.1.3"
hash = "b0bf3b342541097171db05e4fb7e0000b023bee24040eb5476398beeb9176d35"
